dependencies:
- name: rabbitmq
  repository: https://charts.bitnami.com/bitnami
  version: 10.1.8
- name: mongodb
  repository: https://charts.bitnami.com/bitnami
  version: 12.1.20
digest: sha256:8d7db52ecfdd228c1cfbbb4757be9a3f19d6dcf0a9b874d1783da766723cfbbc
generated: "2023-02-24T12:50:54.698101+01:00"
